
Microsoft Visual Studio Solution File, Format Version 12.00
# Visual Studio 2012
Project("{2150E333-8FDC-42A3-9474-1A3956D46DE8}") = "00Dll", "00Dll", "{82598206-47B7-4E97-B31B-57AD45E1DF27}"
	ProjectSection(SolutionItems) = preProject
		00Dll\TCBase.Component.QRCode.dll = 00Dll\TCBase.Component.QRCode.dll
		00Dll\TCBase.Saker.Core.dll = 00Dll\TCBase.Saker.Core.dll
		00Dll\TCSmartFramework.DataAccess.dll = 00Dll\TCSmartFramework.DataAccess.dll
	EndProjectSection
EndProject
Project("{2150E333-8FDC-42A3-9474-1A3956D46DE8}") = "00Doc", "00Doc", "{2FA26539-E0A6-4241-AACE-98C46A525D8E}"
EndProject
Project("{2150E333-8FDC-42A3-9474-1A3956D46DE8}") = "00Sql", "00Sql", "{32E4DE3D-173D-417F-A7BF-30AAE95327BA}"
EndProject
Project("{2150E333-8FDC-42A3-9474-1A3956D46DE8}") = "10Framework", "10Framework", "{9C51AA77-F297-4CE5-BB11-36466DF67D8E}"
EndProject
Project("{2150E333-8FDC-42A3-9474-1A3956D46DE8}") = "20Entity", "20Entity", "{4C9B4D26-1AA5-44A8-BF51-37C28866191E}"
EndProject
Project("{2150E333-8FDC-42A3-9474-1A3956D46DE8}") = "30Dal", "30Dal", "{30C4C20A-2385-4B40-B519-D103A6084126}"
EndProject
Project("{2150E333-8FDC-42A3-9474-1A3956D46DE8}") = "40Bll", "40Bll", "{0893F51C-1E32-43D7-80E4-1CBC73AAB10A}"
EndProject
Project("{2150E333-8FDC-42A3-9474-1A3956D46DE8}") = "50Site", "50Site", "{A44BA6D9-547A-497E-B7F8-94CB12657B88}"
EndProject
Project("{FAE04EC0-301F-11D3-BF4B-00C04F79EFBC}") = "QJZ.Framework.Utility", "10Framework\QJZ.Framework.Utility\QJZ.Framework.Utility.csproj", "{3D866019-D27A-4C23-A0D7-7D4D3DCAB2F4}"
EndProject
Project("{FAE04EC0-301F-11D3-BF4B-00C04F79EFBC}") = "WeiXin.Bll", "40Bll\WeiXin.Bll\WeiXin.Bll.csproj", "{BE346BC4-558A-4CA9-880B-0E792766994B}"
EndProject
Project("{FAE04EC0-301F-11D3-BF4B-00C04F79EFBC}") = "WXSchool.Site.Mobile", "50Site\WXSchool.Site.Mobile\WXSchool.Site.Mobile.csproj", "{CA788A49-98D2-4D57-9B77-473905A5C7BA}"
EndProject
Project("{FAE04EC0-301F-11D3-BF4B-00C04F79EFBC}") = "WXSchool.Site.PC", "50Site\WXSchool.Site.PC\WXSchool.Site.PC.csproj", "{EFBC769A-900C-46EB-8470-415F3830191D}"
EndProject
Project("{FAE04EC0-301F-11D3-BF4B-00C04F79EFBC}") = "WXSchool.Dto", "20Entity\WXSchool.Dto\WXSchool.Dto.csproj", "{DE3523EB-3543-4A70-8607-2C81B87E4AD8}"
EndProject
Project("{FAE04EC0-301F-11D3-BF4B-00C04F79EFBC}") = "WXSchool.ViewModel", "20Entity\WXSchool.ViewModel\WXSchool.ViewModel.csproj", "{90B676F1-74DE-4545-831D-F4EF0F87E495}"
EndProject
Project("{FAE04EC0-301F-11D3-BF4B-00C04F79EFBC}") = "WXSchool.Model", "20Entity\WXSchool.Model\WXSchool.Model.csproj", "{DBFA43F2-1914-4500-A67B-D51D57A913DF}"
EndProject
Project("{FAE04EC0-301F-11D3-BF4B-00C04F79EFBC}") = "WXSchool.Dal", "30Dal\WXSchool.Dal\WXSchool.Dal.csproj", "{035BA135-A599-4475-AC5D-E673D8F7BB13}"
EndProject
Project("{FAE04EC0-301F-11D3-BF4B-00C04F79EFBC}") = "WXSchool.Bll", "40Bll\WXSchool.Bll\WXSchool.Bll.csproj", "{C12A2B31-7E44-48A5-9017-208B89CD9B5B}"
EndProject
Global
	GlobalSection(SolutionConfigurationPlatforms) = preSolution
		Debug|Any CPU = Debug|Any CPU
		Release|Any CPU = Release|Any CPU
	EndGlobalSection
	GlobalSection(ProjectConfigurationPlatforms) = postSolution
		{3D866019-D27A-4C23-A0D7-7D4D3DCAB2F4}.Debug|Any CPU.ActiveCfg = Debug|Any CPU
		{3D866019-D27A-4C23-A0D7-7D4D3DCAB2F4}.Debug|Any CPU.Build.0 = Debug|Any CPU
		{3D866019-D27A-4C23-A0D7-7D4D3DCAB2F4}.Release|Any CPU.ActiveCfg = Release|Any CPU
		{3D866019-D27A-4C23-A0D7-7D4D3DCAB2F4}.Release|Any CPU.Build.0 = Release|Any CPU
		{BE346BC4-558A-4CA9-880B-0E792766994B}.Debug|Any CPU.ActiveCfg = Debug|Any CPU
		{BE346BC4-558A-4CA9-880B-0E792766994B}.Debug|Any CPU.Build.0 = Debug|Any CPU
		{BE346BC4-558A-4CA9-880B-0E792766994B}.Release|Any CPU.ActiveCfg = Release|Any CPU
		{BE346BC4-558A-4CA9-880B-0E792766994B}.Release|Any CPU.Build.0 = Release|Any CPU
		{CA788A49-98D2-4D57-9B77-473905A5C7BA}.Debug|Any CPU.ActiveCfg = Debug|Any CPU
		{CA788A49-98D2-4D57-9B77-473905A5C7BA}.Debug|Any CPU.Build.0 = Debug|Any CPU
		{CA788A49-98D2-4D57-9B77-473905A5C7BA}.Release|Any CPU.ActiveCfg = Release|Any CPU
		{CA788A49-98D2-4D57-9B77-473905A5C7BA}.Release|Any CPU.Build.0 = Release|Any CPU
		{EFBC769A-900C-46EB-8470-415F3830191D}.Debug|Any CPU.ActiveCfg = Debug|Any CPU
		{EFBC769A-900C-46EB-8470-415F3830191D}.Debug|Any CPU.Build.0 = Debug|Any CPU
		{EFBC769A-900C-46EB-8470-415F3830191D}.Release|Any CPU.ActiveCfg = Release|Any CPU
		{EFBC769A-900C-46EB-8470-415F3830191D}.Release|Any CPU.Build.0 = Release|Any CPU
		{DE3523EB-3543-4A70-8607-2C81B87E4AD8}.Debug|Any CPU.ActiveCfg = Debug|Any CPU
		{DE3523EB-3543-4A70-8607-2C81B87E4AD8}.Debug|Any CPU.Build.0 = Debug|Any CPU
		{DE3523EB-3543-4A70-8607-2C81B87E4AD8}.Release|Any CPU.ActiveCfg = Release|Any CPU
		{DE3523EB-3543-4A70-8607-2C81B87E4AD8}.Release|Any CPU.Build.0 = Release|Any CPU
		{90B676F1-74DE-4545-831D-F4EF0F87E495}.Debug|Any CPU.ActiveCfg = Debug|Any CPU
		{90B676F1-74DE-4545-831D-F4EF0F87E495}.Debug|Any CPU.Build.0 = Debug|Any CPU
		{90B676F1-74DE-4545-831D-F4EF0F87E495}.Release|Any CPU.ActiveCfg = Release|Any CPU
		{90B676F1-74DE-4545-831D-F4EF0F87E495}.Release|Any CPU.Build.0 = Release|Any CPU
		{DBFA43F2-1914-4500-A67B-D51D57A913DF}.Debug|Any CPU.ActiveCfg = Debug|Any CPU
		{DBFA43F2-1914-4500-A67B-D51D57A913DF}.Debug|Any CPU.Build.0 = Debug|Any CPU
		{DBFA43F2-1914-4500-A67B-D51D57A913DF}.Release|Any CPU.ActiveCfg = Release|Any CPU
		{DBFA43F2-1914-4500-A67B-D51D57A913DF}.Release|Any CPU.Build.0 = Release|Any CPU
		{035BA135-A599-4475-AC5D-E673D8F7BB13}.Debug|Any CPU.ActiveCfg = Debug|Any CPU
		{035BA135-A599-4475-AC5D-E673D8F7BB13}.Debug|Any CPU.Build.0 = Debug|Any CPU
		{035BA135-A599-4475-AC5D-E673D8F7BB13}.Release|Any CPU.ActiveCfg = Release|Any CPU
		{035BA135-A599-4475-AC5D-E673D8F7BB13}.Release|Any CPU.Build.0 = Release|Any CPU
		{C12A2B31-7E44-48A5-9017-208B89CD9B5B}.Debug|Any CPU.ActiveCfg = Debug|Any CPU
		{C12A2B31-7E44-48A5-9017-208B89CD9B5B}.Debug|Any CPU.Build.0 = Debug|Any CPU
		{C12A2B31-7E44-48A5-9017-208B89CD9B5B}.Release|Any CPU.ActiveCfg = Release|Any CPU
		{C12A2B31-7E44-48A5-9017-208B89CD9B5B}.Release|Any CPU.Build.0 = Release|Any CPU
	EndGlobalSection
	GlobalSection(SolutionProperties) = preSolution
		HideSolutionNode = FALSE
	EndGlobalSection
	GlobalSection(NestedProjects) = preSolution
		{3D866019-D27A-4C23-A0D7-7D4D3DCAB2F4} = {9C51AA77-F297-4CE5-BB11-36466DF67D8E}
		{DE3523EB-3543-4A70-8607-2C81B87E4AD8} = {4C9B4D26-1AA5-44A8-BF51-37C28866191E}
		{90B676F1-74DE-4545-831D-F4EF0F87E495} = {4C9B4D26-1AA5-44A8-BF51-37C28866191E}
		{DBFA43F2-1914-4500-A67B-D51D57A913DF} = {4C9B4D26-1AA5-44A8-BF51-37C28866191E}
		{035BA135-A599-4475-AC5D-E673D8F7BB13} = {30C4C20A-2385-4B40-B519-D103A6084126}
		{BE346BC4-558A-4CA9-880B-0E792766994B} = {0893F51C-1E32-43D7-80E4-1CBC73AAB10A}
		{C12A2B31-7E44-48A5-9017-208B89CD9B5B} = {0893F51C-1E32-43D7-80E4-1CBC73AAB10A}
		{CA788A49-98D2-4D57-9B77-473905A5C7BA} = {A44BA6D9-547A-497E-B7F8-94CB12657B88}
		{EFBC769A-900C-46EB-8470-415F3830191D} = {A44BA6D9-547A-497E-B7F8-94CB12657B88}
	EndGlobalSection
EndGlobal
